
Microsoft Visual Studio Solution File, Format Version 12.00
# Visual Studio 15
VisualStudioVersion = 15.0.27428.2015
MinimumVisualStudioVersion = 10.0.40219.1
Project("{FAE04EC0-301F-11D3-BF4B-00C04F79EFBC}") = "LoginWithFacebook", "LoginWithFacebook\LoginWithFacebook.csproj", "{94CBBAC6-8E73-4ED6-BCD9-775ACF2CE412}"
EndProject
Global
	GlobalSection(SolutionConfigurationPlatforms) = preSolution
		Debug|Any CPU = Debug|Any CPU
		Release|Any CPU = Release|Any CPU
	EndGlobalSection
	GlobalSection(ProjectConfigurationPlatforms) = postSolution
		{94CBBAC6-8E73-4ED6-BCD9-775ACF2CE412}.Debug|Any CPU.ActiveCfg = Debug|Any CPU
		{94CBBAC6-8E73-4ED6-BCD9-775ACF2CE412}.Debug|Any CPU.Build.0 = Debug|Any CPU
		{94CBBAC6-8E73-4ED6-BCD9-775ACF2CE412}.Release|Any CPU.ActiveCfg = Release|Any CPU
		{94CBBAC6-8E73-4ED6-BCD9-775ACF2CE412}.Release|Any CPU.Build.0 = Release|Any CPU
	EndGlobalSection
	GlobalSection(SolutionProperties) = preSolution
		HideSolutionNode = FALSE
	EndGlobalSection
	GlobalSection(ExtensibilityGlobals) = postSolution
		SolutionGuid = {925F7576-ABBB-494D-B929-AF7A04E0B0DF}
	EndGlobalSection
EndGlobal
